// !$*UTF8*$!
{
	archiveVersion = 1;
	classes = {
	};
	objectVersion = 56;
	objects = {

/* Begin PBXBuildFile section */
		467A3C172B01905E00A674B6 /* InterfaceApp.swift in Sources */ = {isa = PBXBuildFile; fileRef = 467A3C162B01905E00A674B6 /* InterfaceApp.swift */; };
		467A3C192B01905E00A674B6 /* LoginView.swift in Sources */ = {isa = PBXBuildFile; fileRef = 467A3C182B01905E00A674B6 /* LoginView.swift */; };
		467A3C1B2B01905F00A674B6 /* Assets.xcassets in Resources */ = {isa = PBXBuildFile; fileRef = 467A3C1A2B01905F00A674B6 /* Assets.xcassets */; };
		467A3C1E2B01905F00A674B6 /* Preview Assets.xcassets in Resources */ = {isa = PBXBuildFile; fileRef = 467A3C1D2B01905F00A674B6 /* Preview Assets.xcassets */; };
		467A3C2B2B01929800A674B6 /* Color+Extension.swift in Sources */ = {isa = PBXBuildFile; fileRef = 467A3C2A2B01929800A674B6 /* Color+Extension.swift */; };
		467A3C2F2B01A99100A674B6 /* RegisterView.swift in Sources */ = {isa = PBXBuildFile; fileRef = 467A3C2E2B01A99100A674B6 /* RegisterView.swift */; };
		46E14A4E2B026A5900519354 /* GoogleService-Info.plist in Resources */ = {isa = PBXBuildFile; fileRef = 46E14A4D2B026A5800519354 /* GoogleService-Info.plist */; };
		46E14A512B026AC800519354 /* FirebaseAnalytics in Frameworks */ = {isa = PBXBuildFile; productRef = 46E14A502B026AC800519354 /* FirebaseAnalytics */; };
		46E14A532B026AC800519354 /* FirebaseAnalyticsOnDeviceConversion in Frameworks */ = {isa = PBXBuildFile; productRef = 46E14A522B026AC800519354 /* FirebaseAnalyticsOnDeviceConversion */; };
		46E14A552B026AC800519354 /* FirebaseAnalyticsSwift in Frameworks */ = {isa = PBXBuildFile; productRef = 46E14A542B026AC800519354 /* FirebaseAnalyticsSwift */; };
		46E14A572B026AC800519354 /* FirebaseAnalyticsWithoutAdIdSupport in Frameworks */ = {isa = PBXBuildFile; productRef = 46E14A562B026AC800519354 /* FirebaseAnalyticsWithoutAdIdSupport */; };
		46E14A592B026AC800519354 /* FirebaseAppCheck in Frameworks */ = {isa = PBXBuildFile; productRef = 46E14A582B026AC800519354 /* FirebaseAppCheck */; };
		46E14A5B2B026AC800519354 /* FirebaseAppDistribution-Beta in Frameworks */ = {isa = PBXBuildFile; productRef = 46E14A5A2B026AC800519354 /* FirebaseAppDistribution-Beta */; };
		46E14A5D2B026AC800519354 /* FirebaseAuth in Frameworks */ = {isa = PBXBuildFile; productRef = 46E14A5C2B026AC800519354 /* FirebaseAuth */; };
		46E14A5F2B026AC800519354 /* FirebaseAuthCombine-Community in Frameworks */ = {isa = PBXBuildFile; productRef = 46E14A5E2B026AC800519354 /* FirebaseAuthCombine-Community */; };
		46E14A612B026AC800519354 /* FirebaseCrashlytics in Frameworks */ = {isa = PBXBuildFile; productRef = 46E14A602B026AC800519354 /* FirebaseCrashlytics */; };
		46E14A632B026AC800519354 /* FirebaseDatabase in Frameworks */ = {isa = PBXBuildFile; productRef = 46E14A622B026AC800519354 /* FirebaseDatabase */; };
		46E14A652B026AC800519354 /* FirebaseDatabaseSwift in Frameworks */ = {isa = PBXBuildFile; productRef = 46E14A642B026AC800519354 /* FirebaseDatabaseSwift */; };
		46E14A672B026AC800519354 /* FirebaseDynamicLinks in Frameworks */ = {isa = PBXBuildFile; productRef = 46E14A662B026AC800519354 /* FirebaseDynamicLinks */; };
		46E14A692B026AC800519354 /* FirebaseFirestoreCombine-Community in Frameworks */ = {isa = PBXBuildFile; productRef = 46E14A682B026AC800519354 /* FirebaseFirestoreCombine-Community */; };
		46E14A6B2B026AC800519354 /* FirebaseFirestoreSwift in Frameworks */ = {isa = PBXBuildFile; productRef = 46E14A6A2B026AC800519354 /* FirebaseFirestoreSwift */; };
		46E14A6D2B026AC800519354 /* FirebaseFunctions in Frameworks */ = {isa = PBXBuildFile; productRef = 46E14A6C2B026AC800519354 /* FirebaseFunctions */; };
		46E14A6F2B026AC800519354 /* FirebaseFunctionsCombine-Community in Frameworks */ = {isa = PBXBuildFile; productRef = 46E14A6E2B026AC800519354 /* FirebaseFunctionsCombine-Community */; };
		46E14A712B026AC800519354 /* FirebaseInAppMessaging-Beta in Frameworks */ = {isa = PBXBuildFile; productRef = 46E14A702B026AC800519354 /* FirebaseInAppMessaging-Beta */; };
		46E14A732B026AC800519354 /* FirebaseInAppMessagingSwift-Beta in Frameworks */ = {isa = PBXBuildFile; productRef = 46E14A722B026AC800519354 /* FirebaseInAppMessagingSwift-Beta */; };
		46E14A752B026AC800519354 /* FirebaseInstallations in Frameworks */ = {isa = PBXBuildFile; productRef = 46E14A742B026AC800519354 /* FirebaseInstallations */; };
		46E14A772B026AC800519354 /* FirebaseMLModelDownloader in Frameworks */ = {isa = PBXBuildFile; productRef = 46E14A762B026AC800519354 /* FirebaseMLModelDownloader */; };
		46E14A792B026AC800519354 /* FirebaseMessaging in Frameworks */ = {isa = PBXBuildFile; productRef = 46E14A782B026AC800519354 /* FirebaseMessaging */; };
		46E14A7B2B026AC800519354 /* FirebasePerformance in Frameworks */ = {isa = PBXBuildFile; productRef = 46E14A7A2B026AC800519354 /* FirebasePerformance */; };
		46E14A7D2B026AC800519354 /* FirebaseRemoteConfig in Frameworks */ = {isa = PBXBuildFile; productRef = 46E14A7C2B026AC800519354 /* FirebaseRemoteConfig */; };
		46E14A7F2B026AC800519354 /* FirebaseRemoteConfigSwift in Frameworks */ = {isa = PBXBuildFile; productRef = 46E14A7E2B026AC800519354 /* FirebaseRemoteConfigSwift */; };
		46E14A812B026AC800519354 /* FirebaseStorage in Frameworks */ = {isa = PBXBuildFile; productRef = 46E14A802B026AC800519354 /* FirebaseStorage */; };
		46E14A832B026AC800519354 /* FirebaseStorageCombine-Community in Frameworks */ = {isa = PBXBuildFile; productRef = 46E14A822B026AC800519354 /* FirebaseStorageCombine-Community */; };
		46E14A862B026AFF00519354 /* AppDelegate.swift in Sources */ = {isa = PBXBuildFile; fileRef = 46E14A852B026AFF00519354 /* AppDelegate.swift */; };
		46E14A892B026D1100519354 /* HomeView.swift in Sources */ = {isa = PBXBuildFile; fileRef = 46E14A882B026D1100519354 /* HomeView.swift */; };
/* End PBXBuildFile section */

/* Begin PBXFileReference section */
		467A3C132B01905E00A674B6 /* Interface.app */ = {isa = PBXFileReference; explicitFileType = wrapper.application; includeInIndex = 0; path = Interface.app; sourceTree = BUILT_PRODUCTS_DIR; };
		467A3C162B01905E00A674B6 /* InterfaceApp.swift */ = {isa = PBXFileReference; lastKnownFileType = sourcecode.swift; path = InterfaceApp.swift; sourceTree = "<group>"; };
		467A3C182B01905E00A674B6 /* LoginView.swift */ = {isa = PBXFileReference; lastKnownFileType = sourcecode.swift; path = LoginView.swift; sourceTree = "<group>"; };
		467A3C1A2B01905F00A674B6 /* Assets.xcassets */ = {isa = PBXFileReference; lastKnownFileType = folder.assetcatalog; path = Assets.xcassets; sourceTree = "<group>"; };
		467A3C1D2B01905F00A674B6 /* Preview Assets.xcassets */ = {isa = PBXFileReference; lastKnownFileType = folder.assetcatalog; path = "Preview Assets.xcassets"; sourceTree = "<group>"; };
		467A3C2A2B01929800A674B6 /* Color+Extension.swift */ = {isa = PBXFileReference; fileEncoding = 4; lastKnownFileType = sourcecode.swift; path = "Color+Extension.swift"; sourceTree = "<group>"; };
		467A3C2E2B01A99100A674B6 /* RegisterView.swift */ = {isa = PBXFileReference; lastKnownFileType = sourcecode.swift; path = RegisterView.swift; sourceTree = "<group>"; };
		46E14A4D2B026A5800519354 /* GoogleService-Info.plist */ = {isa = PBXFileReference; fileEncoding = 4; lastKnownFileType = text.plist.xml; path = "GoogleService-Info.plist"; sourceTree = "<group>"; };
		46E14A852B026AFF00519354 /* AppDelegate.swift */ = {isa = PBXFileReference; lastKnownFileType = sourcecode.swift; path = AppDelegate.swift; sourceTree = "<group>"; };
		46E14A882B026D1100519354 /* HomeView.swift */ = {isa = PBXFileReference; lastKnownFileType = sourcecode.swift; path = HomeView.swift; sourceTree = "<group>"; };
/* End PBXFileReference section */

/* Begin PBXFrameworksBuildPhase section */
		467A3C102B01905E00A674B6 /* Frameworks */ = {
			isa = PBXFrameworksBuildPhase;
			buildActionMask = 2147483647;
			files = (
				46E14A7B2B026AC800519354 /* FirebasePerformance in Frameworks */,
				46E14A692B026AC800519354 /* FirebaseFirestoreCombine-Community in Frameworks */,
				46E14A632B026AC800519354 /* FirebaseDatabase in Frameworks */,
				46E14A812B026AC800519354 /* FirebaseStorage in Frameworks */,
				46E14A552B026AC800519354 /* FirebaseAnalyticsSwift in Frameworks */,
				46E14A6B2B026AC800519354 /* FirebaseFirestoreSwift in Frameworks */,
				46E14A512B026AC800519354 /* FirebaseAnalytics in Frameworks */,
				46E14A712B026AC800519354 /* FirebaseInAppMessaging-Beta in Frameworks */,
				46E14A532B026AC800519354 /* FirebaseAnalyticsOnDeviceConversion in Frameworks */,
				46E14A772B026AC800519354 /* FirebaseMLModelDownloader in Frameworks */,
				46E14A7F2B026AC800519354 /* FirebaseRemoteConfigSwift in Frameworks */,
				46E14A592B026AC800519354 /* FirebaseAppCheck in Frameworks */,
				46E14A792B026AC800519354 /* FirebaseMessaging in Frameworks */,
				46E14A752B026AC800519354 /* FirebaseInstallations in Frameworks */,
				46E14A6F2B026AC800519354 /* FirebaseFunctionsCombine-Community in Frameworks */,
				46E14A572B026AC800519354 /* FirebaseAnalyticsWithoutAdIdSupport in Frameworks */,
				46E14A832B026AC800519354 /* FirebaseStorageCombine-Community in Frameworks */,
				46E14A5D2B026AC800519354 /* FirebaseAuth in Frameworks */,
				46E14A612B026AC800519354 /* FirebaseCrashlytics in Frameworks */,
				46E14A652B026AC800519354 /* FirebaseDatabaseSwift in Frameworks */,
				46E14A5B2B026AC800519354 /* FirebaseAppDistribution-Beta in Frameworks */,
				46E14A7D2B026AC800519354 /* FirebaseRemoteConfig in Frameworks */,
				46E14A6D2B026AC800519354 /* FirebaseFunctions in Frameworks */,
				46E14A5F2B026AC800519354 /* FirebaseAuthCombine-Community in Frameworks */,
				46E14A732B026AC800519354 /* FirebaseInAppMessagingSwift-Beta in Frameworks */,
				46E14A672B026AC800519354 /* FirebaseDynamicLinks in Frameworks */,
			);
			runOnlyForDeploymentPostprocessing = 0;
		};
/* End PBXFrameworksBuildPhase section */

/* Begin PBXGroup section */
		467A3C0A2B01905E00A674B6 = {
			isa = PBXGroup;
			children = (
				467A3C152B01905E00A674B6 /* Interface */,
				467A3C142B01905E00A674B6 /* Products */,
			);
			sourceTree = "<group>";
		};
		467A3C142B01905E00A674B6 /* Products */ = {
			isa = PBXGroup;
			children = (
				467A3C132B01905E00A674B6 /* Interface.app */,
			);
			name = Products;
			sourceTree = "<group>";
		};
		467A3C152B01905E00A674B6 /* Interface */ = {
			isa = PBXGroup;
			children = (
				46E14A842B026AEC00519354 /* AppDelegate */,
				46E14A872B026D0100519354 /* Home */,
				467A3C2C2B01A97A00A674B6 /* Login */,
				467A3C2D2B01A98100A674B6 /* Register */,
				467A3C1A2B01905F00A674B6 /* Assets.xcassets */,
				467A3C282B01929800A674B6 /* Utils */,
				46E14A4D2B026A5800519354 /* GoogleService-Info.plist */,
				467A3C1C2B01905F00A674B6 /* Preview Content */,
			);
			path = Interface;
			sourceTree = "<group>";
		};
		467A3C1C2B01905F00A674B6 /* Preview Content */ = {
			isa = PBXGroup;
			children = (
				467A3C1D2B01905F00A674B6 /* Preview Assets.xcassets */,
			);
			path = "Preview Content";
			sourceTree = "<group>";
		};
		467A3C282B01929800A674B6 /* Utils */ = {
			isa = PBXGroup;
			children = (
				467A3C292B01929800A674B6 /* Extension */,
			);
			path = Utils;
			sourceTree = "<group>";
		};
		467A3C292B01929800A674B6 /* Extension */ = {
			isa = PBXGroup;
			children = (
				467A3C2A2B01929800A674B6 /* Color+Extension.swift */,
			);
			path = Extension;
			sourceTree = "<group>";
		};
		467A3C2C2B01A97A00A674B6 /* Login */ = {
			isa = PBXGroup;
			children = (
				467A3C182B01905E00A674B6 /* LoginView.swift */,
			);
			path = Login;
			sourceTree = "<group>";
		};
		467A3C2D2B01A98100A674B6 /* Register */ = {
			isa = PBXGroup;
			children = (
				467A3C2E2B01A99100A674B6 /* RegisterView.swift */,
			);
			path = Register;
			sourceTree = "<group>";
		};
		46E14A842B026AEC00519354 /* AppDelegate */ = {
			isa = PBXGroup;
			children = (
				467A3C162B01905E00A674B6 /* InterfaceApp.swift */,
				46E14A852B026AFF00519354 /* AppDelegate.swift */,
			);
			path = AppDelegate;
			sourceTree = "<group>";
		};
		46E14A872B026D0100519354 /* Home */ = {
			isa = PBXGroup;
			children = (
				46E14A882B026D1100519354 /* HomeView.swift */,
			);
			path = Home;
			sourceTree = "<group>";
		};
/* End PBXGroup section */

/* Begin PBXNativeTarget section */
		467A3C122B01905E00A674B6 /* Interface */ = {
			isa = PBXNativeTarget;
			buildConfigurationList = 467A3C212B01905F00A674B6 /* Build configuration list for PBXNativeTarget "Interface" */;
			buildPhases = (
				467A3C0F2B01905E00A674B6 /* Sources */,
				467A3C102B01905E00A674B6 /* Frameworks */,
				467A3C112B01905E00A674B6 /* Resources */,
			);
			buildRules = (
			);
			dependencies = (
			);
			name = Interface;
			packageProductDependencies = (
				46E14A502B026AC800519354 /* FirebaseAnalytics */,
				46E14A522B026AC800519354 /* FirebaseAnalyticsOnDeviceConversion */,
				46E14A542B026AC800519354 /* FirebaseAnalyticsSwift */,
				46E14A562B026AC800519354 /* FirebaseAnalyticsWithoutAdIdSupport */,
				46E14A582B026AC800519354 /* FirebaseAppCheck */,
				46E14A5A2B026AC800519354 /* FirebaseAppDistribution-Beta */,
				46E14A5C2B026AC800519354 /* FirebaseAuth */,
				46E14A5E2B026AC800519354 /* FirebaseAuthCombine-Community */,
				46E14A602B026AC800519354 /* FirebaseCrashlytics */,
				46E14A622B026AC800519354 /* FirebaseDatabase */,
				46E14A642B026AC800519354 /* FirebaseDatabaseSwift */,
				46E14A662B026AC800519354 /* FirebaseDynamicLinks */,
				46E14A682B026AC800519354 /* FirebaseFirestoreCombine-Community */,
				46E14A6A2B026AC800519354 /* FirebaseFirestoreSwift */,
				46E14A6C2B026AC800519354 /* FirebaseFunctions */,
				46E14A6E2B026AC800519354 /* FirebaseFunctionsCombine-Community */,
				46E14A702B026AC800519354 /* FirebaseInAppMessaging-Beta */,
				46E14A722B026AC800519354 /* FirebaseInAppMessagingSwift-Beta */,
				46E14A742B026AC800519354 /* FirebaseInstallations */,
				46E14A762B026AC800519354 /* FirebaseMLModelDownloader */,
				46E14A782B026AC800519354 /* FirebaseMessaging */,
				46E14A7A2B026AC800519354 /* FirebasePerformance */,
				46E14A7C2B026AC800519354 /* FirebaseRemoteConfig */,
				46E14A7E2B026AC800519354 /* FirebaseRemoteConfigSwift */,
				46E14A802B026AC800519354 /* FirebaseStorage */,
				46E14A822B026AC800519354 /* FirebaseStorageCombine-Community */,
			);
			productName = Interface;
			productReference = 467A3C132B01905E00A674B6 /* Interface.app */;
			productType = "com.apple.product-type.application";
		};
/* End PBXNativeTarget section */

/* Begin PBXProject section */
		467A3C0B2B01905E00A674B6 /* Project object */ = {
			isa = PBXProject;
			attributes = {
				BuildIndependentTargetsInParallel = 1;
				LastSwiftUpdateCheck = 1500;
				LastUpgradeCheck = 1500;
				TargetAttributes = {
					467A3C122B01905E00A674B6 = {
						CreatedOnToolsVersion = 15.0;
					};
				};
			};
			buildConfigurationList = 467A3C0E2B01905E00A674B6 /* Build configuration list for PBXProject "Interface" */;
			compatibilityVersion = "Xcode 14.0";
			developmentRegion = en;
			hasScannedForEncodings = 0;
			knownRegions = (
				en,
				Base,
			);
			mainGroup = 467A3C0A2B01905E00A674B6;
			packageReferences = (
				46E14A4F2B026AC800519354 /* XCRemoteSwiftPackageReference "firebase-ios-sdk" */,
			);
			productRefGroup = 467A3C142B01905E00A674B6 /* Products */;
			projectDirPath = "";
			projectRoot = "";
			targets = (
				467A3C122B01905E00A674B6 /* Interface */,
			);
		};
/* End PBXProject section */

/* Begin PBXResourcesBuildPhase section */
		467A3C112B01905E00A674B6 /* Resources */ = {
			isa = PBXResourcesBuildPhase;
			buildActionMask = 2147483647;
			files = (
				46E14A4E2B026A5900519354 /* GoogleService-Info.plist in Resources */,
				467A3C1E2B01905F00A674B6 /* Preview Assets.xcassets in Resources */,
				467A3C1B2B01905F00A674B6 /* Assets.xcassets in Resources */,
			);
			runOnlyForDeploymentPostprocessing = 0;
		};
/* End PBXResourcesBuildPhase section */

/* Begin PBXSourcesBuildPhase section */
		467A3C0F2B01905E00A674B6 /* Sources */ = {
			isa = PBXSourcesBuildPhase;
			buildActionMask = 2147483647;
			files = (
				467A3C192B01905E00A674B6 /* LoginView.swift in Sources */,
				467A3C2F2B01A99100A674B6 /* RegisterView.swift in Sources */,
				467A3C2B2B01929800A674B6 /* Color+Extension.swift in Sources */,
				46E14A892B026D1100519354 /* HomeView.swift in Sources */,
				46E14A862B026AFF00519354 /* AppDelegate.swift in Sources */,
				467A3C172B01905E00A674B6 /* InterfaceApp.swift in Sources */,
			);
			runOnlyForDeploymentPostprocessing = 0;
		};
/* End PBXSourcesBuildPhase section */

/* Begin XCBuildConfiguration section */
		467A3C1F2B01905F00A674B6 /* Debug */ = {
			isa = XCBuildConfiguration;
			buildSettings = {
				ALWAYS_SEARCH_USER_PATHS = NO;
				ASSETCATALOG_COMPILER_GENERATE_SWIFT_ASSET_SYMBOL_EXTENSIONS = YES;
				CLANG_ANALYZER_NONNULL = YES;
				CLANG_ANALYZER_NUMBER_OBJECT_CONVERSION = YES_AGGRESSIVE;
				CLANG_CXX_LANGUAGE_STANDARD = "gnu++20";
				CLANG_ENABLE_MODULES = YES;
				CLANG_ENABLE_OBJC_ARC = YES;
				CLANG_ENABLE_OBJC_WEAK = YES;
				CLANG_WARN_BLOCK_CAPTURE_AUTORELEASING = YES;
				CLANG_WARN_BOOL_CONVERSION = YES;
				CLANG_WARN_COMMA = YES;
				CLANG_WARN_CONSTANT_CONVERSION = YES;
				CLANG_WARN_DEPRECATED_OBJC_IMPLEMENTATIONS = YES;
				CLANG_WARN_DIRECT_OBJC_ISA_USAGE = YES_ERROR;
				CLANG_WARN_DOCUMENTATION_COMMENTS = YES;
				CLANG_WARN_EMPTY_BODY = YES;
				CLANG_WARN_ENUM_CONVERSION = YES;
				CLANG_WARN_INFINITE_RECURSION = YES;
				CLANG_WARN_INT_CONVERSION = YES;
				CLANG_WARN_NON_LITERAL_NULL_CONVERSION = YES;
				CLANG_WARN_OBJC_IMPLICIT_RETAIN_SELF = YES;
				CLANG_WARN_OBJC_LITERAL_CONVERSION = YES;
				CLANG_WARN_OBJC_ROOT_CLASS = YES_ERROR;
				CLANG_WARN_QUOTED_INCLUDE_IN_FRAMEWORK_HEADER = YES;
				CLANG_WARN_RANGE_LOOP_ANALYSIS = YES;
				CLANG_WARN_STRICT_PROTOTYPES = YES;
				CLANG_WARN_SUSPICIOUS_MOVE = YES;
				CLANG_WARN_UNGUARDED_AVAILABILITY = YES_AGGRESSIVE;
				CLANG_WARN_UNREACHABLE_CODE = YES;
				CLANG_WARN__DUPLICATE_METHOD_MATCH = YES;
				COPY_PHASE_STRIP = NO;
				DEBUG_INFORMATION_FORMAT = dwarf;
				ENABLE_STRICT_OBJC_MSGSEND = YES;
				ENABLE_TESTABILITY = YES;
				ENABLE_USER_SCRIPT_SANDBOXING = YES;
				GCC_C_LANGUAGE_STANDARD = gnu17;
				GCC_DYNAMIC_NO_PIC = NO;
				GCC_NO_COMMON_BLOCKS = YES;
				GCC_OPTIMIZATION_LEVEL = 0;
				GCC_PREPROCESSOR_DEFINITIONS = (
					"DEBUG=1",
					"$(inherited)",
				);
				GCC_WARN_64_TO_32_BIT_CONVERSION = YES;
				GCC_WARN_ABOUT_RETURN_TYPE = YES_ERROR;
				GCC_WARN_UNDECLARED_SELECTOR = YES;
				GCC_WARN_UNINITIALIZED_AUTOS = YES_AGGRESSIVE;
				GCC_WARN_UNUSED_FUNCTION = YES;
				GCC_WARN_UNUSED_VARIABLE = YES;
				IPHONEOS_DEPLOYMENT_TARGET = 17.0;
				LOCALIZATION_PREFERS_STRING_CATALOGS = YES;
				MTL_ENABLE_DEBUG_INFO = INCLUDE_SOURCE;
				MTL_FAST_MATH = YES;
				ONLY_ACTIVE_ARCH = YES;
				SDKROOT = iphoneos;
				SWIFT_ACTIVE_COMPILATION_CONDITIONS = "DEBUG $(inherited)";
				SWIFT_OPTIMIZATION_LEVEL = "-Onone";
			};
			name = Debug;
		};
		467A3C202B01905F00A674B6 /* Release */ = {
			isa = XCBuildConfiguration;
			buildSettings = {
				ALWAYS_SEARCH_USER_PATHS = NO;
				ASSETCATALOG_COMPILER_GENERATE_SWIFT_ASSET_SYMBOL_EXTENSIONS = YES;
				CLANG_ANALYZER_NONNULL = YES;
				CLANG_ANALYZER_NUMBER_OBJECT_CONVERSION = YES_AGGRESSIVE;
				CLANG_CXX_LANGUAGE_STANDARD = "gnu++20";
				CLANG_ENABLE_MODULES = YES;
				CLANG_ENABLE_OBJC_ARC = YES;
				CLANG_ENABLE_OBJC_WEAK = YES;
				CLANG_WARN_BLOCK_CAPTURE_AUTORELEASING = YES;
				CLANG_WARN_BOOL_CONVERSION = YES;
				CLANG_WARN_COMMA = YES;
				CLANG_WARN_CONSTANT_CONVERSION = YES;
				CLANG_WARN_DEPRECATED_OBJC_IMPLEMENTATIONS = YES;
				CLANG_WARN_DIRECT_OBJC_ISA_USAGE = YES_ERROR;
				CLANG_WARN_DOCUMENTATION_COMMENTS = YES;
				CLANG_WARN_EMPTY_BODY = YES;
				CLANG_WARN_ENUM_CONVERSION = YES;
				CLANG_WARN_INFINITE_RECURSION = YES;
				CLANG_WARN_INT_CONVERSION = YES;
				CLANG_WARN_NON_LITERAL_NULL_CONVERSION = YES;
				CLANG_WARN_OBJC_IMPLICIT_RETAIN_SELF = YES;
				CLANG_WARN_OBJC_LITERAL_CONVERSION = YES;
				CLANG_WARN_OBJC_ROOT_CLASS = YES_ERROR;
				CLANG_WARN_QUOTED_INCLUDE_IN_FRAMEWORK_HEADER = YES;
				CLANG_WARN_RANGE_LOOP_ANALYSIS = YES;
				CLANG_WARN_STRICT_PROTOTYPES = YES;
				CLANG_WARN_SUSPICIOUS_MOVE = YES;
				CLANG_WARN_UNGUARDED_AVAILABILITY = YES_AGGRESSIVE;
				CLANG_WARN_UNREACHABLE_CODE = YES;
				CLANG_WARN__DUPLICATE_METHOD_MATCH = YES;
				COPY_PHASE_STRIP = NO;
				DEBUG_INFORMATION_FORMAT = "dwarf-with-dsym";
				ENABLE_NS_ASSERTIONS = NO;
				ENABLE_STRICT_OBJC_MSGSEND = YES;
				ENABLE_USER_SCRIPT_SANDBOXING = YES;
				GCC_C_LANGUAGE_STANDARD = gnu17;
				GCC_NO_COMMON_BLOCKS = YES;
				GCC_WARN_64_TO_32_BIT_CONVERSION = YES;
				GCC_WARN_ABOUT_RETURN_TYPE = YES_ERROR;
				GCC_WARN_UNDECLARED_SELECTOR = YES;
				GCC_WARN_UNINITIALIZED_AUTOS = YES_AGGRESSIVE;
				GCC_WARN_UNUSED_FUNCTION = YES;
				GCC_WARN_UNUSED_VARIABLE = YES;
				IPHONEOS_DEPLOYMENT_TARGET = 17.0;
				LOCALIZATION_PREFERS_STRING_CATALOGS = YES;
				MTL_ENABLE_DEBUG_INFO = NO;
				MTL_FAST_MATH = YES;
				SDKROOT = iphoneos;
				SWIFT_COMPILATION_MODE = wholemodule;
				VALIDATE_PRODUCT = YES;
			};
			name = Release;
		};
		467A3C222B01905F00A674B6 /* Debug */ = {
			isa = XCBuildConfiguration;
			buildSettings = {
				ASSETCATALOG_COMPILER_APPICON_NAME = AppIcon;
				ASSETCATALOG_COMPILER_GLOBAL_ACCENT_COLOR_NAME = AccentColor;
				CODE_SIGN_STYLE = Automatic;
				CURRENT_PROJECT_VERSION = 1;
				DEVELOPMENT_ASSET_PATHS = "\"Interface/Preview Content\"";
				DEVELOPMENT_TEAM = 3WX9FH8392;
				ENABLE_PREVIEWS = YES;
				GENERATE_INFOPLIST_FILE = YES;
				INFOPLIST_KEY_UIApplicationSceneManifest_Generation = YES;
				INFOPLIST_KEY_UIApplicationSupportsIndirectInputEvents = YES;
				INFOPLIST_KEY_UILaunchScreen_Generation = YES;
				INFOPLIST_KEY_UISupportedInterfaceOrientations_iPad = "UIInterfaceOrientationPortrait UIInterfaceOrientationPortraitUpsideDown UIInterfaceOrientationLandscapeLeft UIInterfaceOrientationLandscapeRight";
				INFOPLIST_KEY_UISupportedInterfaceOrientations_iPhone = "UIInterfaceOrientationPortrait UIInterfaceOrientationLandscapeLeft UIInterfaceOrientationLandscapeRight";
				LD_RUNPATH_SEARCH_PATHS = (
					"$(inherited)",
					"@executable_path/Frameworks",
				);
				MARKETING_VERSION = 1.0;
				PRODUCT_BUNDLE_IDENTIFIER = com.lucas.Interface;
				PRODUCT_NAME = "$(TARGET_NAME)";
				SWIFT_EMIT_LOC_STRINGS = YES;
				SWIFT_VERSION = 5.0;
				TARGETED_DEVICE_FAMILY = "1,2";
			};
			name = Debug;
		};
		467A3C232B01905F00A674B6 /* Release */ = {
			isa = XCBuildConfiguration;
			buildSettings = {
				ASSETCATALOG_COMPILER_APPICON_NAME = AppIcon;
				ASSETCATALOG_COMPILER_GLOBAL_ACCENT_COLOR_NAME = AccentColor;
				CODE_SIGN_STYLE = Automatic;
				CURRENT_PROJECT_VERSION = 1;
				DEVELOPMENT_ASSET_PATHS = "\"Interface/Preview Content\"";
				DEVELOPMENT_TEAM = 3WX9FH8392;
				ENABLE_PREVIEWS = YES;
				GENERATE_INFOPLIST_FILE = YES;
				INFOPLIST_KEY_UIApplicationSceneManifest_Generation = YES;
				INFOPLIST_KEY_UIApplicationSupportsIndirectInputEvents = YES;
				INFOPLIST_KEY_UILaunchScreen_Generation = YES;
				INFOPLIST_KEY_UISupportedInterfaceOrientations_iPad = "UIInterfaceOrientationPortrait UIInterfaceOrientationPortraitUpsideDown UIInterfaceOrientationLandscapeLeft UIInterfaceOrientationLandscapeRight";
				INFOPLIST_KEY_UISupportedInterfaceOrientations_iPhone = "UIInterfaceOrientationPortrait UIInterfaceOrientationLandscapeLeft UIInterfaceOrientationLandscapeRight";
				LD_RUNPATH_SEARCH_PATHS = (
					"$(inherited)",
					"@executable_path/Frameworks",
				);
				MARKETING_VERSION = 1.0;
				PRODUCT_BUNDLE_IDENTIFIER = com.lucas.Interface;
				PRODUCT_NAME = "$(TARGET_NAME)";
				SWIFT_EMIT_LOC_STRINGS = YES;
				SWIFT_VERSION = 5.0;
				TARGETED_DEVICE_FAMILY = "1,2";
			};
			name = Release;
		};
/* End XCBuildConfiguration section */

/* Begin XCConfigurationList section */
		467A3C0E2B01905E00A674B6 /* Build configuration list for PBXProject "Interface" */ = {
			isa = XCConfigurationList;
			buildConfigurations = (
				467A3C1F2B01905F00A674B6 /* Debug */,
				467A3C202B01905F00A674B6 /* Release */,
			);
			defaultConfigurationIsVisible = 0;
			defaultConfigurationName = Release;
		};
		467A3C212B01905F00A674B6 /* Build configuration list for PBXNativeTarget "Interface" */ = {
			isa = XCConfigurationList;
			buildConfigurations = (
				467A3C222B01905F00A674B6 /* Debug */,
				467A3C232B01905F00A674B6 /* Release */,
			);
			defaultConfigurationIsVisible = 0;
			defaultConfigurationName = Release;
		};
/* End XCConfigurationList section */

/* Begin XCRemoteSwiftPackageReference section */
		46E14A4F2B026AC800519354 /* XCRemoteSwiftPackageReference "firebase-ios-sdk" */ = {
			isa = XCRemoteSwiftPackageReference;
			repositoryURL = "https://github.com/firebase/firebase-ios-sdk";
			requirement = {
				kind = upToNextMajorVersion;
				minimumVersion = 10.17.0;
			};
		};
/* End XCRemoteSwiftPackageReference section */

/* Begin XCSwiftPackageProductDependency section */
		46E14A502B026AC800519354 /* FirebaseAnalytics */ = {
			isa = XCSwiftPackageProductDependency;
			package = 46E14A4F2B026AC800519354 /* XCRemoteSwiftPackageReference "firebase-ios-sdk" */;
			productName = FirebaseAnalytics;
		};
		46E14A522B026AC800519354 /* FirebaseAnalyticsOnDeviceConversion */ = {
			isa = XCSwiftPackageProductDependency;
			package = 46E14A4F2B026AC800519354 /* XCRemoteSwiftPackageReference "firebase-ios-sdk" */;
			productName = FirebaseAnalyticsOnDeviceConversion;
		};
		46E14A542B026AC800519354 /* FirebaseAnalyticsSwift */ = {
			isa = XCSwiftPackageProductDependency;
			package = 46E14A4F2B026AC800519354 /* XCRemoteSwiftPackageReference "firebase-ios-sdk" */;
			productName = FirebaseAnalyticsSwift;
		};
		46E14A562B026AC800519354 /* FirebaseAnalyticsWithoutAdIdSupport */ = {
			isa = XCSwiftPackageProductDependency;
			package = 46E14A4F2B026AC800519354 /* XCRemoteSwiftPackageReference "firebase-ios-sdk" */;
			productName = FirebaseAnalyticsWithoutAdIdSupport;
		};
		46E14A582B026AC800519354 /* FirebaseAppCheck */ = {
			isa = XCSwiftPackageProductDependency;
			package = 46E14A4F2B026AC800519354 /* XCRemoteSwiftPackageReference "firebase-ios-sdk" */;
			productName = FirebaseAppCheck;
		};
		46E14A5A2B026AC800519354 /* FirebaseAppDistribution-Beta */ = {
			isa = XCSwiftPackageProductDependency;
			package = 46E14A4F2B026AC800519354 /* XCRemoteSwiftPackageReference "firebase-ios-sdk" */;
			productName = "FirebaseAppDistribution-Beta";
		};
		46E14A5C2B026AC800519354 /* FirebaseAuth */ = {
			isa = XCSwiftPackageProductDependency;
			package = 46E14A4F2B026AC800519354 /* XCRemoteSwiftPackageReference "firebase-ios-sdk" */;
			productName = FirebaseAuth;
		};
		46E14A5E2B026AC800519354 /* FirebaseAuthCombine-Community */ = {
			isa = XCSwiftPackageProductDependency;
			package = 46E14A4F2B026AC800519354 /* XCRemoteSwiftPackageReference "firebase-ios-sdk" */;
			productName = "FirebaseAuthCombine-Community";
		};
		46E14A602B026AC800519354 /* FirebaseCrashlytics */ = {
			isa = XCSwiftPackageProductDependency;
			package = 46E14A4F2B026AC800519354 /* XCRemoteSwiftPackageReference "firebase-ios-sdk" */;
			productName = FirebaseCrashlytics;
		};
		46E14A622B026AC800519354 /* FirebaseDatabase */ = {
			isa = XCSwiftPackageProductDependency;
			package = 46E14A4F2B026AC800519354 /* XCRemoteSwiftPackageReference "firebase-ios-sdk" */;
			productName = FirebaseDatabase;
		};
		46E14A642B026AC800519354 /* FirebaseDatabaseSwift */ = {
			isa = XCSwiftPackageProductDependency;
			package = 46E14A4F2B026AC800519354 /* XCRemoteSwiftPackageReference "firebase-ios-sdk" */;
			productName = FirebaseDatabaseSwift;
		};
		46E14A662B026AC800519354 /* FirebaseDynamicLinks */ = {
			isa = XCSwiftPackageProductDependency;
			package = 46E14A4F2B026AC800519354 /* XCRemoteSwiftPackageReference "firebase-ios-sdk" */;
			productName = FirebaseDynamicLinks;
		};
		46E14A682B026AC800519354 /* FirebaseFirestoreCombine-Community */ = {
			isa = XCSwiftPackageProductDependency;
			package = 46E14A4F2B026AC800519354 /* XCRemoteSwiftPackageReference "firebase-ios-sdk" */;
			productName = "FirebaseFirestoreCombine-Community";
		};
		46E14A6A2B026AC800519354 /* FirebaseFirestoreSwift */ = {
			isa = XCSwiftPackageProductDependency;
			package = 46E14A4F2B026AC800519354 /* XCRemoteSwiftPackageReference "firebase-ios-sdk" */;
			productName = FirebaseFirestoreSwift;
		};
		46E14A6C2B026AC800519354 /* FirebaseFunctions */ = {
			isa = XCSwiftPackageProductDependency;
			package = 46E14A4F2B026AC800519354 /* XCRemoteSwiftPackageReference "firebase-ios-sdk" */;
			productName = FirebaseFunctions;
		};
		46E14A6E2B026AC800519354 /* FirebaseFunctionsCombine-Community */ = {
			isa = XCSwiftPackageProductDependency;
			package = 46E14A4F2B026AC800519354 /* XCRemoteSwiftPackageReference "firebase-ios-sdk" */;
			productName = "FirebaseFunctionsCombine-Community";
		};
		46E14A702B026AC800519354 /* FirebaseInAppMessaging-Beta */ = {
			isa = XCSwiftPackageProductDependency;
			package = 46E14A4F2B026AC800519354 /* XCRemoteSwiftPackageReference "firebase-ios-sdk" */;
			productName = "FirebaseInAppMessaging-Beta";
		};
		46E14A722B026AC800519354 /* FirebaseInAppMessagingSwift-Beta */ = {
			isa = XCSwiftPackageProductDependency;
			package = 46E14A4F2B026AC800519354 /* XCRemoteSwiftPackageReference "firebase-ios-sdk" */;
			productName = "FirebaseInAppMessagingSwift-Beta";
		};
		46E14A742B026AC800519354 /* FirebaseInstallations */ = {
			isa = XCSwiftPackageProductDependency;
			package = 46E14A4F2B026AC800519354 /* XCRemoteSwiftPackageReference "firebase-ios-sdk" */;
			productName = FirebaseInstallations;
		};
		46E14A762B026AC800519354 /* FirebaseMLModelDownloader */ = {
			isa = XCSwiftPackageProductDependency;
			package = 46E14A4F2B026AC800519354 /* XCRemoteSwiftPackageReference "firebase-ios-sdk" */;
			productName = FirebaseMLModelDownloader;
		};
		46E14A782B026AC800519354 /* FirebaseMessaging */ = {
			isa = XCSwiftPackageProductDependency;
			package = 46E14A4F2B026AC800519354 /* XCRemoteSwiftPackageReference "firebase-ios-sdk" */;
			productName = FirebaseMessaging;
		};
		46E14A7A2B026AC800519354 /* FirebasePerformance */ = {
			isa = XCSwiftPackageProductDependency;
			package = 46E14A4F2B026AC800519354 /* XCRemoteSwiftPackageReference "firebase-ios-sdk" */;
			productName = FirebasePerformance;
		};
		46E14A7C2B026AC800519354 /* FirebaseRemoteConfig */ = {
			isa = XCSwiftPackageProductDependency;
			package = 46E14A4F2B026AC800519354 /* XCRemoteSwiftPackageReference "firebase-ios-sdk" */;
			productName = FirebaseRemoteConfig;
		};
		46E14A7E2B026AC800519354 /* FirebaseRemoteConfigSwift */ = {
			isa = XCSwiftPackageProductDependency;
			package = 46E14A4F2B026AC800519354 /* XCRemoteSwiftPackageReference "firebase-ios-sdk" */;
			productName = FirebaseRemoteConfigSwift;
		};
		46E14A802B026AC800519354 /* FirebaseStorage */ = {
			isa = XCSwiftPackageProductDependency;
			package = 46E14A4F2B026AC800519354 /* XCRemoteSwiftPackageReference "firebase-ios-sdk" */;
			productName = FirebaseStorage;
		};
		46E14A822B026AC800519354 /* FirebaseStorageCombine-Community */ = {
			isa = XCSwiftPackageProductDependency;
			package = 46E14A4F2B026AC800519354 /* XCRemoteSwiftPackageReference "firebase-ios-sdk" */;
			productName = "FirebaseStorageCombine-Community";
		};
/* End XCSwiftPackageProductDependency section */
	};
	rootObject = 467A3C0B2B01905E00A674B6 /* Project object */;
}
